[{<<"goldrush">>,
  {git,"git://github.com/DeadZen/goldrush.git",
       {ref,"71e63212f12c25827e0c1b4198d37d5d018a7fec"}},
  1},
 {<<"snappy">>,
  {git,"https://github.com/fdmanana/snappy-erlang-nif.git",
       {ref,"ec2061113147af20916e9765ae9d63a18114825a"}},
  0},
 {<<"lager">>,
  {git,"https://github.com/basho/lager",
       {ref,"d33ccf3b69de09a628fe38b4d7981bb8671b8a4f"}},
  0},
 {<<"jiffy">>,
  {git,"https://github.com/davisp/jiffy.git",
       {ref,"446e284bd51013fe2899803b9dcbd162d8b8efb3"}},
  0},
 {<<"hlc">>,
  {git,"https://github.com/refuge/hlc.git",
       {ref,"bd63891b7ca33089037b1ab8e91bba5065adf478"}},
  0}].
